
Microsoft Visual Studio Solution File, Format Version 12.00
# Visual Studio Version 17
VisualStudioVersion = 17.3.32825.248
MinimumVisualStudioVersion = 10.0.40219.1
Project("{9A19103F-16F7-4668-BE54-9A1E7A4F7556}") = "AspNetCoreSignalRProductCount", "AspNetCoreSignalRProductCount.csproj", "{3D716998-4E1A-453D-B011-6E13BC28FF17}"
EndProject
Project("{FAE04EC0-301F-11D3-BF4B-00C04F79EFBC}") = "SignalRClientWinFormsApp", "..\SignalRClientWinFormsApp\SignalRClientWinFormsApp.csproj", "{CBA46667-B6E5-45C0-A6AC-42AF013C0FC4}"
EndProject
Global
	GlobalSection(SolutionConfigurationPlatforms) = preSolution
		Debug|Any CPU = Debug|Any CPU
		Release|Any CPU = Release|Any CPU
	EndGlobalSection
	GlobalSection(ProjectConfigurationPlatforms) = postSolution
		{3D716998-4E1A-453D-B011-6E13BC28FF17}.Debug|Any CPU.ActiveCfg = Debug|Any CPU
		{3D716998-4E1A-453D-B011-6E13BC28FF17}.Debug|Any CPU.Build.0 = Debug|Any CPU
		{3D716998-4E1A-453D-B011-6E13BC28FF17}.Release|Any CPU.ActiveCfg = Release|Any CPU
		{3D716998-4E1A-453D-B011-6E13BC28FF17}.Release|Any CPU.Build.0 = Release|Any CPU
		{CBA46667-B6E5-45C0-A6AC-42AF013C0FC4}.Debug|Any CPU.ActiveCfg = Debug|Any CPU
		{CBA46667-B6E5-45C0-A6AC-42AF013C0FC4}.Debug|Any CPU.Build.0 = Debug|Any CPU
		{CBA46667-B6E5-45C0-A6AC-42AF013C0FC4}.Release|Any CPU.ActiveCfg = Release|Any CPU
		{CBA46667-B6E5-45C0-A6AC-42AF013C0FC4}.Release|Any CPU.Build.0 = Release|Any CPU
	EndGlobalSection
	GlobalSection(SolutionProperties) = preSolution
		HideSolutionNode = FALSE
	EndGlobalSection
	GlobalSection(ExtensibilityGlobals) = postSolution
		SolutionGuid = {840E4804-CBAE-487C-8382-2F6141B0400F}
	EndGlobalSection
EndGlobal
